github.com/nicholaspark09/awsgorocket v0.1.15/go.mod h1:jZZLTuAQcGShPRIGLh9SKOd5rIYquMChuTZHR67evc8=
github.com/nicholaspark09/awsgorocket v0.1.16/go.mod h1:jZZLTuAQcGShPRIGLh9SKOd5rIYquMChuTZHR67evc8=
github.com/nicholaspark09/awsgorocket v0.1.17/go.mod h1:jZZLTuAQcGShPRIGLh9SKOd5rIYquMChuTZHR67evc8=
github.com/nicholaspark09/awsgorocket v0.1.21 h1:5/9+N6JP4ERrGpfghIg2FINQzVVox/FGq0aqfbxRQ0c=
github.com/nicholaspark09/awsgorocket v0.1.21/go.mod h1:jZZLTuAQcGShPRIGLh9SKOd5rIYquMChuTZHR67evc8=
